
Microsoft Visual Studio Solution File, Format Version 12.00
# Visual Studio Version 17
VisualStudioVersion = 17.11.35327.3
MinimumVisualStudioVersion = 10.0.40219.1
Project("{9A19103F-16F7-4668-BE54-9A1E7A4F7556}") = "BilheticaAeronautica", "BilheticaAeronautica\BilheticaAeronautica.csproj", "{DD36B315-A492-4FD4-ADD5-6C376A38D6A8}"
EndProject
Project("{FAE04EC0-301F-11D3-BF4B-00C04F79EFBC}") = "LibraryAeronautica", "LibraryAeronautica\LibraryAeronautica.csproj", "{A2B9F591-4449-4772-B79E-FB262ED2F1FF}"
EndProject
Global
	GlobalSection(SolutionConfigurationPlatforms) = preSolution
		Debug|Any CPU = Debug|Any CPU
		Release|Any CPU = Release|Any CPU
	EndGlobalSection
	GlobalSection(ProjectConfigurationPlatforms) = postSolution
		{DD36B315-A492-4FD4-ADD5-6C376A38D6A8}.Debug|Any CPU.ActiveCfg = Debug|Any CPU
		{DD36B315-A492-4FD4-ADD5-6C376A38D6A8}.Debug|Any CPU.Build.0 = Debug|Any CPU
		{DD36B315-A492-4FD4-ADD5-6C376A38D6A8}.Release|Any CPU.ActiveCfg = Release|Any CPU
		{DD36B315-A492-4FD4-ADD5-6C376A38D6A8}.Release|Any CPU.Build.0 = Release|Any CPU
		{A2B9F591-4449-4772-B79E-FB262ED2F1FF}.Debug|Any CPU.ActiveCfg = Debug|Any CPU
		{A2B9F591-4449-4772-B79E-FB262ED2F1FF}.Debug|Any CPU.Build.0 = Debug|Any CPU
		{A2B9F591-4449-4772-B79E-FB262ED2F1FF}.Release|Any CPU.ActiveCfg = Release|Any CPU
		{A2B9F591-4449-4772-B79E-FB262ED2F1FF}.Release|Any CPU.Build.0 = Release|Any CPU
	EndGlobalSection
	GlobalSection(SolutionProperties) = preSolution
		HideSolutionNode = FALSE
	EndGlobalSection
	GlobalSection(ExtensibilityGlobals) = postSolution
		SolutionGuid = {36C6FB0A-570C-4EE7-AC49-F6A62E9715B8}
	EndGlobalSection
EndGlobal
